
Microsoft Visual Studio Solution File, Format Version 12.00
# Visual Studio Version 16
VisualStudioVersion = 16.0.29613.14
MinimumVisualStudioVersion = 10.0.40219.1
Project("{FAE04EC0-301F-11D3-BF4B-00C04F79EFBC}") = "Project Abhiyaan", "Project Abhiyaan.csproj", "{248C29A9-6ACC-48FB-ABEB-1E62B266E105}"
EndProject
Global
	GlobalSection(SolutionConfigurationPlatforms) = preSolution
		Debug|Any CPU = Debug|Any CPU
		Release|Any CPU = Release|Any CPU
	EndGlobalSection
	GlobalSection(ProjectConfigurationPlatforms) = postSolution
		{248C29A9-6ACC-48FB-ABEB-1E62B266E105}.Debug|Any CPU.ActiveCfg = Debug|Any CPU
		{248C29A9-6ACC-48FB-ABEB-1E62B266E105}.Debug|Any CPU.Build.0 = Debug|Any CPU
		{248C29A9-6ACC-48FB-ABEB-1E62B266E105}.Release|Any CPU.ActiveCfg = Release|Any CPU
		{248C29A9-6ACC-48FB-ABEB-1E62B266E105}.Release|Any CPU.Build.0 = Release|Any CPU
	EndGlobalSection
	GlobalSection(SolutionProperties) = preSolution
		HideSolutionNode = FALSE
	EndGlobalSection
	GlobalSection(ExtensibilityGlobals) = postSolution
		SolutionGuid = {BCC3719B-A143-4260-B7F5-F02B1EA4D80E}
	EndGlobalSection
EndGlobal
